// !$*UTF8*$!
{
	archiveVersion = 1;
	classes = {
	};
	objectVersion = 52;
	objects = {

/* Begin PBXBuildFile section */
		CD09A2302967F1D70081DD2A /* Models.swift in Sources */ = {isa = PBXBuildFile; fileRef = CDBC920B2946E0BC00679FDA /* Models.swift */; };
		CD0B8BFE29680E310060C16A /* Utils.swift in Sources */ = {isa = PBXBuildFile; fileRef = CD0B8BFD29680E310060C16A /* Utils.swift */; };
		CD0B8BFF29680E310060C16A /* Utils.swift in Sources */ = {isa = PBXBuildFile; fileRef = CD0B8BFD29680E310060C16A /* Utils.swift */; };
		CD0B8C01296810340060C16A /* Constants.swift in Sources */ = {isa = PBXBuildFile; fileRef = CD0B8C00296810340060C16A /* Constants.swift */; };
		CD0B8C03296BA4B90060C16A /* Constants.swift in Sources */ = {isa = PBXBuildFile; fileRef = CD0B8C00296810340060C16A /* Constants.swift */; };
		CD2D580A2964FF2B006EEAF3 /* AsyncLocationKit in Frameworks */ = {isa = PBXBuildFile; productRef = CD2D58092964FF2B006EEAF3 /* AsyncLocationKit */; };
		CD2D584429664C1C006EEAF3 /* WidgetKit.framework in Frameworks */ = {isa = PBXBuildFile; fileRef = E542136F25387A0200CCC9C3 /* WidgetKit.framework */; };
		CD2D584529664C1C006EEAF3 /* SwiftUI.framework in Frameworks */ = {isa = PBXBuildFile; fileRef = E542137125387A0200CCC9C3 /* SwiftUI.framework */; };
		CD2D584829664C1C006EEAF3 /* WidgetBundle.swift in Sources */ = {isa = PBXBuildFile; fileRef = CD2D584729664C1C006EEAF3 /* WidgetBundle.swift */; };
		CD2D584A29664C1C006EEAF3 /* Widget.swift in Sources */ = {isa = PBXBuildFile; fileRef = CD2D584929664C1C006EEAF3 /* Widget.swift */; };
		CD2D584C29664C1F006EEAF3 /* Assets.xcassets in Resources */ = {isa = PBXBuildFile; fileRef = CD2D584B29664C1F006EEAF3 /* Assets.xcassets */; };
		CD2D585829666A5A006EEAF3 /* gtfs-realtime.pb.swift in Sources */ = {isa = PBXBuildFile; fileRef = CDBC920C2946E0BC00679FDA /* gtfs-realtime.pb.swift */; };
		CD2D585929666A5A006EEAF3 /* gtfs.db in Resources */ = {isa = PBXBuildFile; fileRef = CD756B68294CE82400934CFE /* gtfs.db */; };
		CD504AE8296786F0001F05D0 /* AsyncLocationKit in Frameworks */ = {isa = PBXBuildFile; productRef = CD504AE7296786F0001F05D0 /* AsyncLocationKit */; };
		CD504AEA296786F0001F05D0 /* SQLite in Frameworks */ = {isa = PBXBuildFile; productRef = CD504AE9296786F0001F05D0 /* SQLite */; };
		CD504AF029679F3D001F05D0 /* SwiftProtobuf in Frameworks */ = {isa = PBXBuildFile; productRef = CD504AEF29679F3D001F05D0 /* SwiftProtobuf */; };
		CD63F485296783B400F4850D /* SQLite in Frameworks */ = {isa = PBXBuildFile; productRef = CD63F484296783B400F4850D /* SQLite */; };
		CD63F4862967856B00F4850D /* RobotoMono-Thin.ttf in Resources */ = {isa = PBXBuildFile; fileRef = CD756B702960220000934CFE /* RobotoMono-Thin.ttf */; };
		CD63F4872967856B00F4850D /* Assets.xcassets in Resources */ = {isa = PBXBuildFile; fileRef = CDBC920F2946E0BC00679FDA /* Assets.xcassets */; };
		CD63F4882967856B00F4850D /* RobotoMono-Regular.ttf in Resources */ = {isa = PBXBuildFile; fileRef = CD756B73296022C400934CFE /* RobotoMono-Regular.ttf */; };
		CD756B69294CE82400934CFE /* gtfs.db in Resources */ = {isa = PBXBuildFile; fileRef = CD756B68294CE82400934CFE /* gtfs.db */; };
		CD756B712960220000934CFE /* RobotoMono-Thin.ttf in Resources */ = {isa = PBXBuildFile; fileRef = CD756B702960220000934CFE /* RobotoMono-Thin.ttf */; };
		CD756B74296022C400934CFE /* RobotoMono-Regular.ttf in Resources */ = {isa = PBXBuildFile; fileRef = CD756B73296022C400934CFE /* RobotoMono-Regular.ttf */; };
		CD90BDAC2946DB3900CE1056 /* SwiftProtobuf in Frameworks */ = {isa = PBXBuildFile; productRef = CD90BDAB2946DB3900CE1056 /* SwiftProtobuf */; };
		CD90BDAE2946DB3900CE1056 /* SwiftProtobufPluginLibrary in Frameworks */ = {isa = PBXBuildFile; productRef = CD90BDAD2946DB3900CE1056 /* SwiftProtobufPluginLibrary */; };
		CD90BDB02946DB3900CE1056 /* protoc-gen-swift in Frameworks */ = {isa = PBXBuildFile; productRef = CD90BDAF2946DB3900CE1056 /* protoc-gen-swift */; };
		CDBC92292946E0BC00679FDA /* Models.swift in Sources */ = {isa = PBXBuildFile; fileRef = CDBC920B2946E0BC00679FDA /* Models.swift */; };
		CDBC922A2946E0BC00679FDA /* gtfs-realtime.pb.swift in Sources */ = {isa = PBXBuildFile; fileRef = CDBC920C2946E0BC00679FDA /* gtfs-realtime.pb.swift */; };
		CDBC922B2946E0BC00679FDA /* Assets.xcassets in Resources */ = {isa = PBXBuildFile; fileRef = CDBC920F2946E0BC00679FDA /* Assets.xcassets */; };
		CDBC923F2946E0BC00679FDA /* UI.swift in Sources */ = {isa = PBXBuildFile; fileRef = CDBC92262946E0BC00679FDA /* UI.swift */; };
		CDBC92402946E0BC00679FDA /* App.swift in Sources */ = {isa = PBXBuildFile; fileRef = CDBC92272946E0BC00679FDA /* App.swift */; };
		E55551B328E1D3FF005A5321 /* README.md in Resources */ = {isa = PBXBuildFile; fileRef = E55551B228E1D3FF005A5321 /* README.md */; };
/* End PBXBuildFile section */

/* Begin PBXFileReference section */
		CD0B8BFD29680E310060C16A /* Utils.swift */ = {isa = PBXFileReference; lastKnownFileType = sourcecode.swift; path = Utils.swift; sourceTree = "<group>"; };
		CD0B8C00296810340060C16A /* Constants.swift */ = {isa = PBXFileReference; lastKnownFileType = sourcecode.swift; path = Constants.swift; sourceTree = "<group>"; };
		CD2D584329664C1C006EEAF3 /* PoppyWidgetExtension.appex */ = {isa = PBXFileReference; explicitFileType = "wrapper.app-extension"; includeInIndex = 0; path = PoppyWidgetExtension.appex; sourceTree = BUILT_PRODUCTS_DIR; };
		CD2D584729664C1C006EEAF3 /* WidgetBundle.swift */ = {isa = PBXFileReference; lastKnownFileType = sourcecode.swift; path = WidgetBundle.swift; sourceTree = "<group>"; };
		CD2D584929664C1C006EEAF3 /* Widget.swift */ = {isa = PBXFileReference; lastKnownFileType = sourcecode.swift; path = Widget.swift; sourceTree = "<group>"; };
		CD2D584B29664C1F006EEAF3 /* Assets.xcassets */ = {isa = PBXFileReference; lastKnownFileType = folder.assetcatalog; path = Assets.xcassets; sourceTree = "<group>"; };
		CD2D584D29664C1F006EEAF3 /* Info.plist */ = {isa = PBXFileReference; lastKnownFileType = text.plist.xml; path = Info.plist; sourceTree = "<group>"; };
		CD756B68294CE82400934CFE /* gtfs.db */ = {isa = PBXFileReference; lastKnownFileType = file; path = gtfs.db; sourceTree = "<group>"; };
		CD756B702960220000934CFE /* RobotoMono-Thin.ttf */ = {isa = PBXFileReference; lastKnownFileType = file; path = "RobotoMono-Thin.ttf"; sourceTree = "<group>"; };
		CD756B73296022C400934CFE /* RobotoMono-Regular.ttf */ = {isa = PBXFileReference; lastKnownFileType = file; path = "RobotoMono-Regular.ttf"; sourceTree = "<group>"; };
		CDBC920B2946E0BC00679FDA /* Models.swift */ = {isa = PBXFileReference; fileEncoding = 4; lastKnownFileType = sourcecode.swift; path = Models.swift; sourceTree = "<group>"; };
		CDBC920C2946E0BC00679FDA /* gtfs-realtime.pb.swift */ = {isa = PBXFileReference; fileEncoding = 4; lastKnownFileType = sourcecode.swift; path = "gtfs-realtime.pb.swift"; sourceTree = "<group>"; };
		CDBC920F2946E0BC00679FDA /* Assets.xcassets */ = {isa = PBXFileReference; lastKnownFileType = folder.assetcatalog; path = Assets.xcassets; sourceTree = "<group>"; };
		CDBC92112946E0BC00679FDA /* App.entitlements */ = {isa = PBXFileReference; fileEncoding = 4; lastKnownFileType = text.plist.entitlements; path = App.entitlements; sourceTree = "<group>"; };
		CDBC92122946E0BC00679FDA /* Info.plist */ = {isa = PBXFileReference; fileEncoding = 4; lastKnownFileType = text.plist.xml; path = Info.plist; sourceTree = "<group>"; };
		CDBC92262946E0BC00679FDA /* UI.swift */ = {isa = PBXFileReference; fileEncoding = 4; lastKnownFileType = sourcecode.swift; path = UI.swift; sourceTree = "<group>"; };
		CDBC92272946E0BC00679FDA /* App.swift */ = {isa = PBXFileReference; fileEncoding = 4; lastKnownFileType = sourcecode.swift; path = App.swift; sourceTree = "<group>"; };
		E5421356253879B700CCC9C3 /* Poppy.app */ = {isa = PBXFileReference; explicitFileType = wrapper.application; includeInIndex = 0; path = Poppy.app; sourceTree = BUILT_PRODUCTS_DIR; };
		E542136F25387A0200CCC9C3 /* WidgetKit.framework */ = {isa = PBXFileReference; lastKnownFileType = wrapper.framework; name = WidgetKit.framework; path = System/Library/Frameworks/WidgetKit.framework; sourceTree = SDKROOT; };
		E542137125387A0200CCC9C3 /* SwiftUI.framework */ = {isa = PBXFileReference; lastKnownFileType = wrapper.framework; name = SwiftUI.framework; path = System/Library/Frameworks/SwiftUI.framework; sourceTree = SDKROOT; };
		E55551B228E1D3FF005A5321 /* README.md */ = {isa = PBXFileReference; fileEncoding = 4; lastKnownFileType = net.daringfireball.markdown; path = README.md; sourceTree = "<group>"; };
/* End PBXFileReference section */

/* Begin PBXFrameworksBuildPhase section */
		CD2D584029664C1C006EEAF3 /* Frameworks */ = {
			isa = PBXFrameworksBuildPhase;
			buildActionMask = 2147483647;
			files = (
				CD504AEA296786F0001F05D0 /* SQLite in Frameworks */,
				CD2D584529664C1C006EEAF3 /* SwiftUI.framework in Frameworks */,
				CD2D584429664C1C006EEAF3 /* WidgetKit.framework in Frameworks */,
				CD504AF029679F3D001F05D0 /* SwiftProtobuf in Frameworks */,
				CD504AE8296786F0001F05D0 /* AsyncLocationKit in Frameworks */,
			);
			runOnlyForDeploymentPostprocessing = 0;
		};
		E5421353253879B700CCC9C3 /* Frameworks */ = {
			isa = PBXFrameworksBuildPhase;
			buildActionMask = 2147483647;
			files = (
				CD63F485296783B400F4850D /* SQLite in Frameworks */,
				CD90BDB02946DB3900CE1056 /* protoc-gen-swift in Frameworks */,
				CD90BDAE2946DB3900CE1056 /* SwiftProtobufPluginLibrary in Frameworks */,
				CD90BDAC2946DB3900CE1056 /* SwiftProtobuf in Frameworks */,
				CD2D580A2964FF2B006EEAF3 /* AsyncLocationKit in Frameworks */,
			);
			runOnlyForDeploymentPostprocessing = 0;
		};
/* End PBXFrameworksBuildPhase section */

/* Begin PBXGroup section */
		CD2D584629664C1C006EEAF3 /* Widget */ = {
			isa = PBXGroup;
			children = (
				CD2D584729664C1C006EEAF3 /* WidgetBundle.swift */,
				CD2D584929664C1C006EEAF3 /* Widget.swift */,
				CD2D584B29664C1F006EEAF3 /* Assets.xcassets */,
				CD2D584D29664C1F006EEAF3 /* Info.plist */,
			);
			path = Widget;
			sourceTree = "<group>";
		};
		CD504AEE29678DC1001F05D0 /* Shared */ = {
			isa = PBXGroup;
			children = (
				CD756B68294CE82400934CFE /* gtfs.db */,
				CDBC920B2946E0BC00679FDA /* Models.swift */,
				CDBC920C2946E0BC00679FDA /* gtfs-realtime.pb.swift */,
				CD0B8BFD29680E310060C16A /* Utils.swift */,
				CDBC920E2946E0BC00679FDA /* Resources */,
				CD0B8C00296810340060C16A /* Constants.swift */,
			);
			path = Shared;
			sourceTree = "<group>";
		};
		CDBC920A2946E0BC00679FDA /* App */ = {
			isa = PBXGroup;
			children = (
				CDBC92272946E0BC00679FDA /* App.swift */,
				CDBC92262946E0BC00679FDA /* UI.swift */,
				CDBC92112946E0BC00679FDA /* App.entitlements */,
				CDBC92122946E0BC00679FDA /* Info.plist */,
			);
			path = App;
			sourceTree = "<group>";
		};
		CDBC920E2946E0BC00679FDA /* Resources */ = {
			isa = PBXGroup;
			children = (
				CD756B73296022C400934CFE /* RobotoMono-Regular.ttf */,
				CD756B702960220000934CFE /* RobotoMono-Thin.ttf */,
				CDBC920F2946E0BC00679FDA /* Assets.xcassets */,
			);
			path = Resources;
			sourceTree = "<group>";
		};
		E542134D253879B700CCC9C3 = {
			isa = PBXGroup;
			children = (
				E55551B228E1D3FF005A5321 /* README.md */,
				CD504AEE29678DC1001F05D0 /* Shared */,
				CDBC920A2946E0BC00679FDA /* App */,
				CD2D584629664C1C006EEAF3 /* Widget */,
				E542136E25387A0200CCC9C3 /* Frameworks */,
				E5421357253879B700CCC9C3 /* Products */,
			);
			sourceTree = "<group>";
		};
		E5421357253879B700CCC9C3 /* Products */ = {
			isa = PBXGroup;
			children = (
				E5421356253879B700CCC9C3 /* Poppy.app */,
				CD2D584329664C1C006EEAF3 /* PoppyWidgetExtension.appex */,
			);
			name = Products;
			sourceTree = "<group>";
		};
		E542136E25387A0200CCC9C3 /* Frameworks */ = {
			isa = PBXGroup;
			children = (
				E542136F25387A0200CCC9C3 /* WidgetKit.framework */,
				E542137125387A0200CCC9C3 /* SwiftUI.framework */,
			);
			name = Frameworks;
			sourceTree = "<group>";
		};
/* End PBXGroup section */

/* Begin PBXNativeTarget section */
		CD2D584229664C1C006EEAF3 /* PoppyWidgetExtension */ = {
			isa = PBXNativeTarget;
			buildConfigurationList = CD2D585129664C1F006EEAF3 /* Build configuration list for PBXNativeTarget "PoppyWidgetExtension" */;
			buildPhases = (
				CD2D583F29664C1C006EEAF3 /* Sources */,
				CD2D584029664C1C006EEAF3 /* Frameworks */,
				CD2D584129664C1C006EEAF3 /* Resources */,
			);
			buildRules = (
			);
			dependencies = (
			);
			name = PoppyWidgetExtension;
			packageProductDependencies = (
				CD504AE7296786F0001F05D0 /* AsyncLocationKit */,
				CD504AE9296786F0001F05D0 /* SQLite */,
				CD504AEF29679F3D001F05D0 /* SwiftProtobuf */,
			);
			productName = PoppyWidgetExtension;
			productReference = CD2D584329664C1C006EEAF3 /* PoppyWidgetExtension.appex */;
			productType = "com.apple.product-type.app-extension";
		};
		E5421355253879B700CCC9C3 /* Poppy */ = {
			isa = PBXNativeTarget;
			buildConfigurationList = E5421365253879BB00CCC9C3 /* Build configuration list for PBXNativeTarget "Poppy" */;
			buildPhases = (
				E5421352253879B700CCC9C3 /* Sources */,
				E5421353253879B700CCC9C3 /* Frameworks */,
				E5421354253879B700CCC9C3 /* Resources */,
			);
			buildRules = (
			);
			dependencies = (
			);
			name = Poppy;
			packageProductDependencies = (
				CD90BDAB2946DB3900CE1056 /* SwiftProtobuf */,
				CD90BDAD2946DB3900CE1056 /* SwiftProtobufPluginLibrary */,
				CD90BDAF2946DB3900CE1056 /* protoc-gen-swift */,
				CD2D58092964FF2B006EEAF3 /* AsyncLocationKit */,
				CD63F484296783B400F4850D /* SQLite */,
			);
			productName = WidgetExamples;
			productReference = E5421356253879B700CCC9C3 /* Poppy.app */;
			productType = "com.apple.product-type.application";
		};
/* End PBXNativeTarget section */

/* Begin PBXProject section */
		E542134E253879B700CCC9C3 /* Project object */ = {
			isa = PBXProject;
			attributes = {
				LastSwiftUpdateCheck = 1420;
				LastUpgradeCheck = 1410;
				ORGANIZATIONNAME = "Patrick Sheehan";
				TargetAttributes = {
					CD2D584229664C1C006EEAF3 = {
						CreatedOnToolsVersion = 14.2;
					};
					E5421355253879B700CCC9C3 = {
						CreatedOnToolsVersion = 12.0.1;
					};
				};
			};
			buildConfigurationList = E5421351253879B700CCC9C3 /* Build configuration list for PBXProject "Poppy" */;
			compatibilityVersion = "Xcode 9.3";
			developmentRegion = en;
			hasScannedForEncodings = 0;
			knownRegions = (
				en,
				Base,
			);
			mainGroup = E542134D253879B700CCC9C3;
			packageReferences = (
				CD90BDAA2946DB3900CE1056 /* XCRemoteSwiftPackageReference "swift-protobuf" */,
				CD2D58082964FF2B006EEAF3 /* XCRemoteSwiftPackageReference "AsyncLocationKit" */,
				CD63F483296783B400F4850D /* XCRemoteSwiftPackageReference "SQLite" */,
			);
			productRefGroup = E5421357253879B700CCC9C3 /* Products */;
			projectDirPath = "";
			projectRoot = "";
			targets = (
				E5421355253879B700CCC9C3 /* Poppy */,
				CD2D584229664C1C006EEAF3 /* PoppyWidgetExtension */,
			);
		};
/* End PBXProject section */

/* Begin PBXResourcesBuildPhase section */
		CD2D584129664C1C006EEAF3 /* Resources */ = {
			isa = PBXResourcesBuildPhase;
			buildActionMask = 2147483647;
			files = (
				CD2D584C29664C1F006EEAF3 /* Assets.xcassets in Resources */,
				CD63F4882967856B00F4850D /* RobotoMono-Regular.ttf in Resources */,
				CD2D585929666A5A006EEAF3 /* gtfs.db in Resources */,
				CD63F4872967856B00F4850D /* Assets.xcassets in Resources */,
				CD63F4862967856B00F4850D /* RobotoMono-Thin.ttf in Resources */,
			);
			runOnlyForDeploymentPostprocessing = 0;
		};
		E5421354253879B700CCC9C3 /* Resources */ = {
			isa = PBXResourcesBuildPhase;
			buildActionMask = 2147483647;
			files = (
				CDBC922B2946E0BC00679FDA /* Assets.xcassets in Resources */,
				CD756B74296022C400934CFE /* RobotoMono-Regular.ttf in Resources */,
				CD756B712960220000934CFE /* RobotoMono-Thin.ttf in Resources */,
				E55551B328E1D3FF005A5321 /* README.md in Resources */,
				CD756B69294CE82400934CFE /* gtfs.db in Resources */,
			);
			runOnlyForDeploymentPostprocessing = 0;
		};
/* End PBXResourcesBuildPhase section */

/* Begin PBXSourcesBuildPhase section */
		CD2D583F29664C1C006EEAF3 /* Sources */ = {
			isa = PBXSourcesBuildPhase;
			buildActionMask = 2147483647;
			files = (
				CD0B8BFF29680E310060C16A /* Utils.swift in Sources */,
				CD2D585829666A5A006EEAF3 /* gtfs-realtime.pb.swift in Sources */,
				CD09A2302967F1D70081DD2A /* Models.swift in Sources */,
				CD2D584A29664C1C006EEAF3 /* Widget.swift in Sources */,
				CD2D584829664C1C006EEAF3 /* WidgetBundle.swift in Sources */,
				CD0B8C03296BA4B90060C16A /* Constants.swift in Sources */,
			);
			runOnlyForDeploymentPostprocessing = 0;
		};
		E5421352253879B700CCC9C3 /* Sources */ = {
			isa = PBXSourcesBuildPhase;
			buildActionMask = 2147483647;
			files = (
				CD0B8BFE29680E310060C16A /* Utils.swift in Sources */,
				CDBC923F2946E0BC00679FDA /* UI.swift in Sources */,
				CDBC92402946E0BC00679FDA /* App.swift in Sources */,
				CDBC92292946E0BC00679FDA /* Models.swift in Sources */,
				CDBC922A2946E0BC00679FDA /* gtfs-realtime.pb.swift in Sources */,
				CD0B8C01296810340060C16A /* Constants.swift in Sources */,
			);
			runOnlyForDeploymentPostprocessing = 0;
		};
/* End PBXSourcesBuildPhase section */

/* Begin XCBuildConfiguration section */
		CD2D585229664C1F006EEAF3 /* Debug */ = {
			isa = XCBuildConfiguration;
			buildSettings = {
				APPLICATION_EXTENSION_API_ONLY = YES;
				ASSETCATALOG_COMPILER_GLOBAL_ACCENT_COLOR_NAME = AccentColor;
				ASSETCATALOG_COMPILER_WIDGET_BACKGROUND_COLOR_NAME = WidgetBackground;
				CLANG_CXX_LANGUAGE_STANDARD = "gnu++20";
				CODE_SIGN_STYLE = Automatic;
				CURRENT_PROJECT_VERSION = 1;
				DEVELOPMENT_TEAM = 9ZW3R444U6;
				GENERATE_INFOPLIST_FILE = YES;
				INFOPLIST_FILE = Widget/Info.plist;
				INFOPLIST_KEY_CFBundleDisplayName = PoppyWidget;
				INFOPLIST_KEY_NSHumanReadableCopyright = "Copyright © 2023 Patrick Sheehan. All rights reserved.";
				IPHONEOS_DEPLOYMENT_TARGET = 16.1;
				LD_RUNPATH_SEARCH_PATHS = (
					"$(inherited)",
					"@executable_path/Frameworks",
					"@executable_path/../../Frameworks",
				);
				MARKETING_VERSION = 1.0;
				PRODUCT_BUNDLE_IDENTIFIER = pjsheehan.Poppy.Widget;
				PRODUCT_NAME = "$(TARGET_NAME)";
				SKIP_INSTALL = YES;
				SWIFT_EMIT_LOC_STRINGS = YES;
				SWIFT_VERSION = 5.0;
				TARGETED_DEVICE_FAMILY = "1,2";
			};
			name = Debug;
		};
		CD2D585329664C1F006EEAF3 /* Release */ = {
			isa = XCBuildConfiguration;
			buildSettings = {
				APPLICATION_EXTENSION_API_ONLY = YES;
				ASSETCATALOG_COMPILER_GLOBAL_ACCENT_COLOR_NAME = AccentColor;
				ASSETCATALOG_COMPILER_WIDGET_BACKGROUND_COLOR_NAME = WidgetBackground;
				CLANG_CXX_LANGUAGE_STANDARD = "gnu++20";
				CODE_SIGN_STYLE = Automatic;
				CURRENT_PROJECT_VERSION = 1;
				DEVELOPMENT_TEAM = 9ZW3R444U6;
				GENERATE_INFOPLIST_FILE = YES;
				INFOPLIST_FILE = Widget/Info.plist;
				INFOPLIST_KEY_CFBundleDisplayName = PoppyWidget;
				INFOPLIST_KEY_NSHumanReadableCopyright = "Copyright © 2023 Patrick Sheehan. All rights reserved.";
				IPHONEOS_DEPLOYMENT_TARGET = 16.1;
				LD_RUNPATH_SEARCH_PATHS = (
					"$(inherited)",
					"@executable_path/Frameworks",
					"@executable_path/../../Frameworks",
				);
				MARKETING_VERSION = 1.0;
				PRODUCT_BUNDLE_IDENTIFIER = pjsheehan.Poppy.Widget;
				PRODUCT_NAME = "$(TARGET_NAME)";
				SKIP_INSTALL = YES;
				SWIFT_EMIT_LOC_STRINGS = YES;
				SWIFT_VERSION = 5.0;
				TARGETED_DEVICE_FAMILY = "1,2";
			};
			name = Release;
		};
		E5421363253879BB00CCC9C3 /* Debug */ = {
			isa = XCBuildConfiguration;
			buildSettings = {
				ALWAYS_SEARCH_USER_PATHS = NO;
				CLANG_ANALYZER_NONNULL = YES;
				CLANG_ANALYZER_NUMBER_OBJECT_CONVERSION = YES_AGGRESSIVE;
				CLANG_CXX_LANGUAGE_STANDARD = "gnu++14";
				CLANG_CXX_LIBRARY = "libc++";
				CLANG_ENABLE_MODULES = YES;
				CLANG_ENABLE_OBJC_ARC = YES;
				CLANG_ENABLE_OBJC_WEAK = YES;
				CLANG_WARN_BLOCK_CAPTURE_AUTORELEASING = YES;
				CLANG_WARN_BOOL_CONVERSION = YES;
				CLANG_WARN_COMMA = YES;
				CLANG_WARN_CONSTANT_CONVERSION = YES;
				CLANG_WARN_DEPRECATED_OBJC_IMPLEMENTATIONS = YES;
				CLANG_WARN_DIRECT_OBJC_ISA_USAGE = YES_ERROR;
				CLANG_WARN_DOCUMENTATION_COMMENTS = YES;
				CLANG_WARN_EMPTY_BODY = YES;
				CLANG_WARN_ENUM_CONVERSION = YES;
				CLANG_WARN_INFINITE_RECURSION = YES;
				CLANG_WARN_INT_CONVERSION = YES;
				CLANG_WARN_NON_LITERAL_NULL_CONVERSION = YES;
				CLANG_WARN_OBJC_IMPLICIT_RETAIN_SELF = YES;
				CLANG_WARN_OBJC_LITERAL_CONVERSION = YES;
				CLANG_WARN_OBJC_ROOT_CLASS = YES_ERROR;
				CLANG_WARN_QUOTED_INCLUDE_IN_FRAMEWORK_HEADER = YES;
				CLANG_WARN_RANGE_LOOP_ANALYSIS = YES;
				CLANG_WARN_STRICT_PROTOTYPES = YES;
				CLANG_WARN_SUSPICIOUS_MOVE = YES;
				CLANG_WARN_UNGUARDED_AVAILABILITY = YES_AGGRESSIVE;
				CLANG_WARN_UNREACHABLE_CODE = YES;
				CLANG_WARN__DUPLICATE_METHOD_MATCH = YES;
				COPY_PHASE_STRIP = NO;
				DEBUG_INFORMATION_FORMAT = dwarf;
				ENABLE_STRICT_OBJC_MSGSEND = YES;
				ENABLE_TESTABILITY = YES;
				GCC_C_LANGUAGE_STANDARD = gnu11;
				GCC_DYNAMIC_NO_PIC = NO;
				GCC_NO_COMMON_BLOCKS = YES;
				GCC_OPTIMIZATION_LEVEL = 0;
				GCC_PREPROCESSOR_DEFINITIONS = (
					"DEBUG=1",
					"$(inherited)",
				);
				GCC_WARN_64_TO_32_BIT_CONVERSION = YES;
				GCC_WARN_ABOUT_RETURN_TYPE = YES_ERROR;
				GCC_WARN_UNDECLARED_SELECTOR = YES;
				GCC_WARN_UNINITIALIZED_AUTOS = YES_AGGRESSIVE;
				GCC_WARN_UNUSED_FUNCTION = YES;
				GCC_WARN_UNUSED_VARIABLE = YES;
				IPHONEOS_DEPLOYMENT_TARGET = 16.0;
				MTL_ENABLE_DEBUG_INFO = INCLUDE_SOURCE;
				MTL_FAST_MATH = YES;
				ONLY_ACTIVE_ARCH = YES;
				SDKROOT = iphoneos;
				SWIFT_ACTIVE_COMPILATION_CONDITIONS = DEBUG;
				SWIFT_OPTIMIZATION_LEVEL = "-Onone";
			};
			name = Debug;
		};
		E5421364253879BB00CCC9C3 /* Release */ = {
			isa = XCBuildConfiguration;
			buildSettings = {
				ALWAYS_SEARCH_USER_PATHS = NO;
				CLANG_ANALYZER_NONNULL = YES;
				CLANG_ANALYZER_NUMBER_OBJECT_CONVERSION = YES_AGGRESSIVE;
				CLANG_CXX_LANGUAGE_STANDARD = "gnu++14";
				CLANG_CXX_LIBRARY = "libc++";
				CLANG_ENABLE_MODULES = YES;
				CLANG_ENABLE_OBJC_ARC = YES;
				CLANG_ENABLE_OBJC_WEAK = YES;
				CLANG_WARN_BLOCK_CAPTURE_AUTORELEASING = YES;
				CLANG_WARN_BOOL_CONVERSION = YES;
				CLANG_WARN_COMMA = YES;
				CLANG_WARN_CONSTANT_CONVERSION = YES;
				CLANG_WARN_DEPRECATED_OBJC_IMPLEMENTATIONS = YES;
				CLANG_WARN_DIRECT_OBJC_ISA_USAGE = YES_ERROR;
				CLANG_WARN_DOCUMENTATION_COMMENTS = YES;
				CLANG_WARN_EMPTY_BODY = YES;
				CLANG_WARN_ENUM_CONVERSION = YES;
				CLANG_WARN_INFINITE_RECURSION = YES;
				CLANG_WARN_INT_CONVERSION = YES;
				CLANG_WARN_NON_LITERAL_NULL_CONVERSION = YES;
				CLANG_WARN_OBJC_IMPLICIT_RETAIN_SELF = YES;
				CLANG_WARN_OBJC_LITERAL_CONVERSION = YES;
				CLANG_WARN_OBJC_ROOT_CLASS = YES_ERROR;
				CLANG_WARN_QUOTED_INCLUDE_IN_FRAMEWORK_HEADER = YES;
				CLANG_WARN_RANGE_LOOP_ANALYSIS = YES;
				CLANG_WARN_STRICT_PROTOTYPES = YES;
				CLANG_WARN_SUSPICIOUS_MOVE = YES;
				CLANG_WARN_UNGUARDED_AVAILABILITY = YES_AGGRESSIVE;
				CLANG_WARN_UNREACHABLE_CODE = YES;
				CLANG_WARN__DUPLICATE_METHOD_MATCH = YES;
				COPY_PHASE_STRIP = NO;
				DEBUG_INFORMATION_FORMAT = "dwarf-with-dsym";
				ENABLE_NS_ASSERTIONS = NO;
				ENABLE_STRICT_OBJC_MSGSEND = YES;
				GCC_C_LANGUAGE_STANDARD = gnu11;
				GCC_NO_COMMON_BLOCKS = YES;
				GCC_WARN_64_TO_32_BIT_CONVERSION = YES;
				GCC_WARN_ABOUT_RETURN_TYPE = YES_ERROR;
				GCC_WARN_UNDECLARED_SELECTOR = YES;
				GCC_WARN_UNINITIALIZED_AUTOS = YES_AGGRESSIVE;
				GCC_WARN_UNUSED_FUNCTION = YES;
				GCC_WARN_UNUSED_VARIABLE = YES;
				IPHONEOS_DEPLOYMENT_TARGET = 16.0;
				MTL_ENABLE_DEBUG_INFO = NO;
				MTL_FAST_MATH = YES;
				SDKROOT = iphoneos;
				SWIFT_COMPILATION_MODE = wholemodule;
				SWIFT_OPTIMIZATION_LEVEL = "-O";
				VALIDATE_PRODUCT = YES;
			};
			name = Release;
		};
		E5421366253879BB00CCC9C3 /* Debug */ = {
			isa = XCBuildConfiguration;
			buildSettings = {
				ASSETCATALOG_COMPILER_APPICON_NAME = AppIcon;
				ASSETCATALOG_COMPILER_GLOBAL_ACCENT_COLOR_NAME = AccentColor;
				ASSETCATALOG_COMPILER_INCLUDE_ALL_APPICON_ASSETS = NO;
				CODE_SIGN_ENTITLEMENTS = App/App.entitlements;
				CODE_SIGN_STYLE = Automatic;
				DEVELOPMENT_ASSET_PATHS = "";
				DEVELOPMENT_TEAM = 9ZW3R444U6;
				ENABLE_PREVIEWS = YES;
				INFOPLIST_FILE = App/Info.plist;
				INFOPLIST_KEY_CFBundleDisplayName = Poppy;
				INFOPLIST_KEY_LSApplicationCategoryType = "public.app-category.travel";
				IPHONEOS_DEPLOYMENT_TARGET = 16.0;
				LD_RUNPATH_SEARCH_PATHS = (
					"$(inherited)",
					"@executable_path/Frameworks",
				);
				PRODUCT_BUNDLE_IDENTIFIER = pjsheehan.Poppy;
				PRODUCT_NAME = "$(TARGET_NAME)";
				SWIFT_VERSION = 5.0;
				TARGETED_DEVICE_FAMILY = "1,2";
			};
			name = Debug;
		};
		E5421367253879BB00CCC9C3 /* Release */ = {
			isa = XCBuildConfiguration;
			buildSettings = {
				ASSETCATALOG_COMPILER_APPICON_NAME = AppIcon;
				ASSETCATALOG_COMPILER_GLOBAL_ACCENT_COLOR_NAME = AccentColor;
				ASSETCATALOG_COMPILER_INCLUDE_ALL_APPICON_ASSETS = NO;
				CODE_SIGN_ENTITLEMENTS = App/App.entitlements;
				CODE_SIGN_STYLE = Automatic;
				DEVELOPMENT_ASSET_PATHS = "";
				DEVELOPMENT_TEAM = 9ZW3R444U6;
				ENABLE_PREVIEWS = YES;
				INFOPLIST_FILE = App/Info.plist;
				INFOPLIST_KEY_CFBundleDisplayName = Poppy;
				INFOPLIST_KEY_LSApplicationCategoryType = "public.app-category.travel";
				IPHONEOS_DEPLOYMENT_TARGET = 16.0;
				LD_RUNPATH_SEARCH_PATHS = (
					"$(inherited)",
					"@executable_path/Frameworks",
				);
				PRODUCT_BUNDLE_IDENTIFIER = pjsheehan.Poppy;
				PRODUCT_NAME = "$(TARGET_NAME)";
				SWIFT_VERSION = 5.0;
				TARGETED_DEVICE_FAMILY = "1,2";
			};
			name = Release;
		};
/* End XCBuildConfiguration section */

/* Begin XCConfigurationList section */
		CD2D585129664C1F006EEAF3 /* Build configuration list for PBXNativeTarget "PoppyWidgetExtension" */ = {
			isa = XCConfigurationList;
			buildConfigurations = (
				CD2D585229664C1F006EEAF3 /* Debug */,
				CD2D585329664C1F006EEAF3 /* Release */,
			);
			defaultConfigurationIsVisible = 0;
			defaultConfigurationName = Release;
		};
		E5421351253879B700CCC9C3 /* Build configuration list for PBXProject "Poppy" */ = {
			isa = XCConfigurationList;
			buildConfigurations = (
				E5421363253879BB00CCC9C3 /* Debug */,
				E5421364253879BB00CCC9C3 /* Release */,
			);
			defaultConfigurationIsVisible = 0;
			defaultConfigurationName = Release;
		};
		E5421365253879BB00CCC9C3 /* Build configuration list for PBXNativeTarget "Poppy" */ = {
			isa = XCConfigurationList;
			buildConfigurations = (
				E5421366253879BB00CCC9C3 /* Debug */,
				E5421367253879BB00CCC9C3 /* Release */,
			);
			defaultConfigurationIsVisible = 0;
			defaultConfigurationName = Release;
		};
/* End XCConfigurationList section */

/* Begin XCRemoteSwiftPackageReference section */
		CD2D58082964FF2B006EEAF3 /* XCRemoteSwiftPackageReference "AsyncLocationKit" */ = {
			isa = XCRemoteSwiftPackageReference;
			repositoryURL = "https://github.com/AsyncSwift/AsyncLocationKit.git";
			requirement = {
				kind = upToNextMajorVersion;
				minimumVersion = 1.0.0;
			};
		};
		CD63F483296783B400F4850D /* XCRemoteSwiftPackageReference "SQLite" */ = {
			isa = XCRemoteSwiftPackageReference;
			repositoryURL = "https://github.com/stephencelis/SQLite.swift";
			requirement = {
				kind = upToNextMajorVersion;
				minimumVersion = 0.9.2;
			};
		};
		CD90BDAA2946DB3900CE1056 /* XCRemoteSwiftPackageReference "swift-protobuf" */ = {
			isa = XCRemoteSwiftPackageReference;
			repositoryURL = "https://github.com/apple/swift-protobuf.git";
			requirement = {
				kind = upToNextMajorVersion;
				minimumVersion = 1.0.0;
			};
		};
/* End XCRemoteSwiftPackageReference section */

/* Begin XCSwiftPackageProductDependency section */
		CD2D58092964FF2B006EEAF3 /* AsyncLocationKit */ = {
			isa = XCSwiftPackageProductDependency;
			package = CD2D58082964FF2B006EEAF3 /* XCRemoteSwiftPackageReference "AsyncLocationKit" */;
			productName = AsyncLocationKit;
		};
		CD504AE7296786F0001F05D0 /* AsyncLocationKit */ = {
			isa = XCSwiftPackageProductDependency;
			package = CD2D58082964FF2B006EEAF3 /* XCRemoteSwiftPackageReference "AsyncLocationKit" */;
			productName = AsyncLocationKit;
		};
		CD504AE9296786F0001F05D0 /* SQLite */ = {
			isa = XCSwiftPackageProductDependency;
			package = CD63F483296783B400F4850D /* XCRemoteSwiftPackageReference "SQLite" */;
			productName = SQLite;
		};
		CD504AEF29679F3D001F05D0 /* SwiftProtobuf */ = {
			isa = XCSwiftPackageProductDependency;
			package = CD90BDAA2946DB3900CE1056 /* XCRemoteSwiftPackageReference "swift-protobuf" */;
			productName = SwiftProtobuf;
		};
		CD63F484296783B400F4850D /* SQLite */ = {
			isa = XCSwiftPackageProductDependency;
			package = CD63F483296783B400F4850D /* XCRemoteSwiftPackageReference "SQLite" */;
			productName = SQLite;
		};
		CD90BDAB2946DB3900CE1056 /* SwiftProtobuf */ = {
			isa = XCSwiftPackageProductDependency;
			package = CD90BDAA2946DB3900CE1056 /* XCRemoteSwiftPackageReference "swift-protobuf" */;
			productName = SwiftProtobuf;
		};
		CD90BDAD2946DB3900CE1056 /* SwiftProtobufPluginLibrary */ = {
			isa = XCSwiftPackageProductDependency;
			package = CD90BDAA2946DB3900CE1056 /* XCRemoteSwiftPackageReference "swift-protobuf" */;
			productName = SwiftProtobufPluginLibrary;
		};
		CD90BDAF2946DB3900CE1056 /* protoc-gen-swift */ = {
			isa = XCSwiftPackageProductDependency;
			package = CD90BDAA2946DB3900CE1056 /* XCRemoteSwiftPackageReference "swift-protobuf" */;
			productName = "protoc-gen-swift";
		};
/* End XCSwiftPackageProductDependency section */
	};
	rootObject = E542134E253879B700CCC9C3 /* Project object */;
}
